
Microsoft Visual Studio Solution File, Format Version 12.00
# Visual Studio Version 17
VisualStudioVersion = 17.3.32929.385
MinimumVisualStudioVersion = 10.0.40219.1
Project("{8BC9CEB8-8B4A-11D0-8D11-00A0C91BC942}") = "HTML_editor", "HTML_editor.vcxproj", "{38606383-752D-45EE-8630-5992599A7F18}"
EndProject
Global
	GlobalSection(SolutionConfigurationPlatforms) = preSolution
		Debug|x64 = Debug|x64
		Debug|x86 = Debug|x86
		Release|x64 = Release|x64
		Release|x86 = Release|x86
	EndGlobalSection
	GlobalSection(ProjectConfigurationPlatforms) = postSolution
		{38606383-752D-45EE-8630-5992599A7F18}.Debug|x64.ActiveCfg = Debug|x64
		{38606383-752D-45EE-8630-5992599A7F18}.Debug|x64.Build.0 = Debug|x64
		{38606383-752D-45EE-8630-5992599A7F18}.Debug|x86.ActiveCfg = Debug|Win32
		{38606383-752D-45EE-8630-5992599A7F18}.Debug|x86.Build.0 = Debug|Win32
		{38606383-752D-45EE-8630-5992599A7F18}.Release|x64.ActiveCfg = Release|x64
		{38606383-752D-45EE-8630-5992599A7F18}.Release|x64.Build.0 = Release|x64
		{38606383-752D-45EE-8630-5992599A7F18}.Release|x86.ActiveCfg = Release|Win32
		{38606383-752D-45EE-8630-5992599A7F18}.Release|x86.Build.0 = Release|Win32
	EndGlobalSection
	GlobalSection(SolutionProperties) = preSolution
		HideSolutionNode = FALSE
	EndGlobalSection
	GlobalSection(ExtensibilityGlobals) = postSolution
		SolutionGuid = {3C0043DF-2AD3-4DF4-B834-E6C4A83540A6}
	EndGlobalSection
EndGlobal
